// !$*UTF8*$!
{
	archiveVersion = 1;
	classes = {
	};
	objectVersion = 77;
	objects = {

/* Begin PBXBuildFile section */
		E95F537F2EA41A7300D4178D /* ComposableArchitecture in Frameworks */ = {isa = PBXBuildFile; productRef = E95F537E2EA41A7300D4178D /* ComposableArchitecture */; };
/* End PBXBuildFile section */

/* Begin PBXContainerItemProxy section */
		E95F53552EA4171A00D4178D /* PBXContainerItemProxy */ = {
			isa = PBXContainerItemProxy;
			containerPortal = E95F533F2EA4171800D4178D /* Project object */;
			proxyType = 1;
			remoteGlobalIDString = E95F53462EA4171800D4178D;
			remoteInfo = TCAExemploGustavoCosme;
		};
		E95F535F2EA4171A00D4178D /* PBXContainerItemProxy */ = {
			isa = PBXContainerItemProxy;
			containerPortal = E95F533F2EA4171800D4178D /* Project object */;
			proxyType = 1;
			remoteGlobalIDString = E95F53462EA4171800D4178D;
			remoteInfo = TCAExemploGustavoCosme;
		};
/* End PBXContainerItemProxy section */

/* Begin PBXFileReference section */
		E95F53472EA4171800D4178D /* TCAExemploGustavoCosme.app */ = {isa = PBXFileReference; explicitFileType = wrapper.application; includeInIndex = 0; path = TCAExemploGustavoCosme.app; sourceTree = BUILT_PRODUCTS_DIR; };
		E95F53542EA4171A00D4178D /* TCAExemploGustavoCosmeTests.xctest */ = {isa = PBXFileReference; explicitFileType = wrapper.cfbundle; includeInIndex = 0; path = TCAExemploGustavoCosmeTests.xctest; sourceTree = BUILT_PRODUCTS_DIR; };
		E95F535E2EA4171A00D4178D /* TCAExemploGustavoCosmeUITests.xctest */ = {isa = PBXFileReference; explicitFileType = wrapper.cfbundle; includeInIndex = 0; path = TCAExemploGustavoCosmeUITests.xctest; sourceTree = BUILT_PRODUCTS_DIR; };
/* End PBXFileReference section */

/* Begin PBXFileSystemSynchronizedRootGroup section */
		E95F53492EA4171800D4178D /* TCAExemploGustavoCosme */ = {
			isa = PBXFileSystemSynchronizedRootGroup;
			path = TCAExemploGustavoCosme;
			sourceTree = "<group>";
		};
		E95F53572EA4171A00D4178D /* TCAExemploGustavoCosmeTests */ = {
			isa = PBXFileSystemSynchronizedRootGroup;
			path = TCAExemploGustavoCosmeTests;
			sourceTree = "<group>";
		};
		E95F53612EA4171A00D4178D /* TCAExemploGustavoCosmeUITests */ = {
			isa = PBXFileSystemSynchronizedRootGroup;
			path = TCAExemploGustavoCosmeUITests;
			sourceTree = "<group>";
		};
/* End PBXFileSystemSynchronizedRootGroup section */

/* Begin PBXFrameworksBuildPhase section */
		E95F53442EA4171800D4178D /* Frameworks */ = {
			isa = PBXFrameworksBuildPhase;
			buildActionMask = 2147483647;
			files = (
				E95F537F2EA41A7300D4178D /* ComposableArchitecture in Frameworks */,
			);
			runOnlyForDeploymentPostprocessing = 0;
		};
		E95F53512EA4171A00D4178D /* Frameworks */ = {
			isa = PBXFrameworksBuildPhase;
			buildActionMask = 2147483647;
			files = (
			);
			runOnlyForDeploymentPostprocessing = 0;
		};
		E95F535B2EA4171A00D4178D /* Frameworks */ = {
			isa = PBXFrameworksBuildPhase;
			buildActionMask = 2147483647;
			files = (
			);
			runOnlyForDeploymentPostprocessing = 0;
		};
/* End PBXFrameworksBuildPhase section */

/* Begin PBXGroup section */
		E95F533E2EA4171800D4178D = {
			isa = PBXGroup;
			children = (
				E95F53492EA4171800D4178D /* TCAExemploGustavoCosme */,
				E95F53572EA4171A00D4178D /* TCAExemploGustavoCosmeTests */,
				E95F53612EA4171A00D4178D /* TCAExemploGustavoCosmeUITests */,
				E95F53482EA4171800D4178D /* Products */,
			);
			sourceTree = "<group>";
		};
		E95F53482EA4171800D4178D /* Products */ = {
			isa = PBXGroup;
			children = (
				E95F53472EA4171800D4178D /* TCAExemploGustavoCosme.app */,
				E95F53542EA4171A00D4178D /* TCAExemploGustavoCosmeTests.xctest */,
				E95F535E2EA4171A00D4178D /* TCAExemploGustavoCosmeUITests.xctest */,
			);
			name = Products;
			sourceTree = "<group>";
		};
/* End PBXGroup section */

/* Begin PBXNativeTarget section */
		E95F53462EA4171800D4178D /* TCAExemploGustavoCosme */ = {
			isa = PBXNativeTarget;
			buildConfigurationList = E95F53682EA4171A00D4178D /* Build configuration list for PBXNativeTarget "TCAExemploGustavoCosme" */;
			buildPhases = (
				E95F53432EA4171800D4178D /* Sources */,
				E95F53442EA4171800D4178D /* Frameworks */,
				E95F53452EA4171800D4178D /* Resources */,
			);
			buildRules = (
			);
			dependencies = (
			);
			fileSystemSynchronizedGroups = (
				E95F53492EA4171800D4178D /* TCAExemploGustavoCosme */,
			);
			name = TCAExemploGustavoCosme;
			packageProductDependencies = (
				E95F537E2EA41A7300D4178D /* ComposableArchitecture */,
			);
			productName = TCAExemploGustavoCosme;
			productReference = E95F53472EA4171800D4178D /* TCAExemploGustavoCosme.app */;
			productType = "com.apple.product-type.application";
		};
		E95F53532EA4171A00D4178D /* TCAExemploGustavoCosmeTests */ = {
			isa = PBXNativeTarget;
			buildConfigurationList = E95F536B2EA4171A00D4178D /* Build configuration list for PBXNativeTarget "TCAExemploGustavoCosmeTests" */;
			buildPhases = (
				E95F53502EA4171A00D4178D /* Sources */,
				E95F53512EA4171A00D4178D /* Frameworks */,
				E95F53522EA4171A00D4178D /* Resources */,
			);
			buildRules = (
			);
			dependencies = (
				E95F53562EA4171A00D4178D /* PBXTargetDependency */,
			);
			fileSystemSynchronizedGroups = (
				E95F53572EA4171A00D4178D /* TCAExemploGustavoCosmeTests */,
			);
			name = TCAExemploGustavoCosmeTests;
			packageProductDependencies = (
			);
			productName = TCAExemploGustavoCosmeTests;
			productReference = E95F53542EA4171A00D4178D /* TCAExemploGustavoCosmeTests.xctest */;
			productType = "com.apple.product-type.bundle.unit-test";
		};
		E95F535D2EA4171A00D4178D /* TCAExemploGustavoCosmeUITests */ = {
			isa = PBXNativeTarget;
			buildConfigurationList = E95F536E2EA4171A00D4178D /* Build configuration list for PBXNativeTarget "TCAExemploGustavoCosmeUITests" */;
			buildPhases = (
				E95F535A2EA4171A00D4178D /* Sources */,
				E95F535B2EA4171A00D4178D /* Frameworks */,
				E95F535C2EA4171A00D4178D /* Resources */,
			);
			buildRules = (
			);
			dependencies = (
				E95F53602EA4171A00D4178D /* PBXTargetDependency */,
			);
			fileSystemSynchronizedGroups = (
				E95F53612EA4171A00D4178D /* TCAExemploGustavoCosmeUITests */,
			);
			name = TCAExemploGustavoCosmeUITests;
			packageProductDependencies = (
			);
			productName = TCAExemploGustavoCosmeUITests;
			productReference = E95F535E2EA4171A00D4178D /* TCAExemploGustavoCosmeUITests.xctest */;
			productType = "com.apple.product-type.bundle.ui-testing";
		};
/* End PBXNativeTarget section */

/* Begin PBXProject section */
		E95F533F2EA4171800D4178D /* Project object */ = {
			isa = PBXProject;
			attributes = {
				BuildIndependentTargetsInParallel = 1;
				LastSwiftUpdateCheck = 2600;
				LastUpgradeCheck = 2600;
				TargetAttributes = {
					E95F53462EA4171800D4178D = {
						CreatedOnToolsVersion = 26.0.1;
					};
					E95F53532EA4171A00D4178D = {
						CreatedOnToolsVersion = 26.0.1;
						TestTargetID = E95F53462EA4171800D4178D;
					};
					E95F535D2EA4171A00D4178D = {
						CreatedOnToolsVersion = 26.0.1;
						TestTargetID = E95F53462EA4171800D4178D;
					};
				};
			};
			buildConfigurationList = E95F53422EA4171800D4178D /* Build configuration list for PBXProject "TCAExemploGustavoCosme" */;
			developmentRegion = en;
			hasScannedForEncodings = 0;
			knownRegions = (
				en,
				Base,
			);
			mainGroup = E95F533E2EA4171800D4178D;
			minimizedProjectReferenceProxies = 1;
			packageReferences = (
				E95F537D2EA41A2A00D4178D /* XCRemoteSwiftPackageReference "swift-composable-architecture" */,
			);
			preferredProjectObjectVersion = 77;
			productRefGroup = E95F53482EA4171800D4178D /* Products */;
			projectDirPath = "";
			projectRoot = "";
			targets = (
				E95F53462EA4171800D4178D /* TCAExemploGustavoCosme */,
				E95F53532EA4171A00D4178D /* TCAExemploGustavoCosmeTests */,
				E95F535D2EA4171A00D4178D /* TCAExemploGustavoCosmeUITests */,
			);
		};
/* End PBXProject section */

/* Begin PBXResourcesBuildPhase section */
		E95F53452EA4171800D4178D /* Resources */ = {
			isa = PBXResourcesBuildPhase;
			buildActionMask = 2147483647;
			files = (
			);
			runOnlyForDeploymentPostprocessing = 0;
		};
		E95F53522EA4171A00D4178D /* Resources */ = {
			isa = PBXResourcesBuildPhase;
			buildActionMask = 2147483647;
			files = (
			);
			runOnlyForDeploymentPostprocessing = 0;
		};
		E95F535C2EA4171A00D4178D /* Resources */ = {
			isa = PBXResourcesBuildPhase;
			buildActionMask = 2147483647;
			files = (
			);
			runOnlyForDeploymentPostprocessing = 0;
		};
/* End PBXResourcesBuildPhase section */

/* Begin PBXSourcesBuildPhase section */
		E95F53432EA4171800D4178D /* Sources */ = {
			isa = PBXSourcesBuildPhase;
			buildActionMask = 2147483647;
			files = (
			);
			runOnlyForDeploymentPostprocessing = 0;
		};
		E95F53502EA4171A00D4178D /* Sources */ = {
			isa = PBXSourcesBuildPhase;
			buildActionMask = 2147483647;
			files = (
			);
			runOnlyForDeploymentPostprocessing = 0;
		};
		E95F535A2EA4171A00D4178D /* Sources */ = {
			isa = PBXSourcesBuildPhase;
			buildActionMask = 2147483647;
			files = (
			);
			runOnlyForDeploymentPostprocessing = 0;
		};
/* End PBXSourcesBuildPhase section */

/* Begin PBXTargetDependency section */
		E95F53562EA4171A00D4178D /* PBXTargetDependency */ = {
			isa = PBXTargetDependency;
			target = E95F53462EA4171800D4178D /* TCAExemploGustavoCosme */;
			targetProxy = E95F53552EA4171A00D4178D /* PBXContainerItemProxy */;
		};
		E95F53602EA4171A00D4178D /* PBXTargetDependency */ = {
			isa = PBXTargetDependency;
			target = E95F53462EA4171800D4178D /* TCAExemploGustavoCosme */;
			targetProxy = E95F535F2EA4171A00D4178D /* PBXContainerItemProxy */;
		};
/* End PBXTargetDependency section */

/* Begin XCBuildConfiguration section */
		E95F53662EA4171A00D4178D /* Debug */ = {
			isa = XCBuildConfiguration;
			buildSettings = {
				ALWAYS_SEARCH_USER_PATHS = NO;
				ASSETCATALOG_COMPILER_GENERATE_SWIFT_ASSET_SYMBOL_EXTENSIONS = YES;
				CLANG_ANALYZER_NONNULL = YES;
				CLANG_ANALYZER_NUMBER_OBJECT_CONVERSION = YES_AGGRESSIVE;
				CLANG_CXX_LANGUAGE_STANDARD = "gnu++20";
				CLANG_ENABLE_MODULES = YES;
				CLANG_ENABLE_OBJC_ARC = YES;
				CLANG_ENABLE_OBJC_WEAK = YES;
				CLANG_WARN_BLOCK_CAPTURE_AUTORELEASING = YES;
				CLANG_WARN_BOOL_CONVERSION = YES;
				CLANG_WARN_COMMA = YES;
				CLANG_WARN_CONSTANT_CONVERSION = YES;
				CLANG_WARN_DEPRECATED_OBJC_IMPLEMENTATIONS = YES;
				CLANG_WARN_DIRECT_OBJC_ISA_USAGE = YES_ERROR;
				CLANG_WARN_DOCUMENTATION_COMMENTS = YES;
				CLANG_WARN_EMPTY_BODY = YES;
				CLANG_WARN_ENUM_CONVERSION = YES;
				CLANG_WARN_INFINITE_RECURSION = YES;
				CLANG_WARN_INT_CONVERSION = YES;
				CLANG_WARN_NON_LITERAL_NULL_CONVERSION = YES;
				CLANG_WARN_OBJC_IMPLICIT_RETAIN_SELF = YES;
				CLANG_WARN_OBJC_LITERAL_CONVERSION = YES;
				CLANG_WARN_OBJC_ROOT_CLASS = YES_ERROR;
				CLANG_WARN_QUOTED_INCLUDE_IN_FRAMEWORK_HEADER = YES;
				CLANG_WARN_RANGE_LOOP_ANALYSIS = YES;
				CLANG_WARN_STRICT_PROTOTYPES = YES;
				CLANG_WARN_SUSPICIOUS_MOVE = YES;
				CLANG_WARN_UNGUARDED_AVAILABILITY = YES_AGGRESSIVE;
				CLANG_WARN_UNREACHABLE_CODE = YES;
				CLANG_WARN__DUPLICATE_METHOD_MATCH = YES;
				COPY_PHASE_STRIP = NO;
				DEBUG_INFORMATION_FORMAT = dwarf;
				ENABLE_STRICT_OBJC_MSGSEND = YES;
				ENABLE_TESTABILITY = YES;
				ENABLE_USER_SCRIPT_SANDBOXING = YES;
				GCC_C_LANGUAGE_STANDARD = gnu17;
				GCC_DYNAMIC_NO_PIC = NO;
				GCC_NO_COMMON_BLOCKS = YES;
				GCC_OPTIMIZATION_LEVEL = 0;
				GCC_PREPROCESSOR_DEFINITIONS = (
					"DEBUG=1",
					"$(inherited)",
				);
				GCC_WARN_64_TO_32_BIT_CONVERSION = YES;
				GCC_WARN_ABOUT_RETURN_TYPE = YES_ERROR;
				GCC_WARN_UNDECLARED_SELECTOR = YES;
				GCC_WARN_UNINITIALIZED_AUTOS = YES_AGGRESSIVE;
				GCC_WARN_UNUSED_FUNCTION = YES;
				GCC_WARN_UNUSED_VARIABLE = YES;
				IPHONEOS_DEPLOYMENT_TARGET = 26.0;
				LOCALIZATION_PREFERS_STRING_CATALOGS = YES;
				MTL_ENABLE_DEBUG_INFO = INCLUDE_SOURCE;
				MTL_FAST_MATH = YES;
				ONLY_ACTIVE_ARCH = YES;
				SDKROOT = iphoneos;
				SWIFT_ACTIVE_COMPILATION_CONDITIONS = "DEBUG $(inherited)";
				SWIFT_OPTIMIZATION_LEVEL = "-Onone";
			};
			name = Debug;
		};
		E95F53672EA4171A00D4178D /* Release */ = {
			isa = XCBuildConfiguration;
			buildSettings = {
				ALWAYS_SEARCH_USER_PATHS = NO;
				ASSETCATALOG_COMPILER_GENERATE_SWIFT_ASSET_SYMBOL_EXTENSIONS = YES;
				CLANG_ANALYZER_NONNULL = YES;
				CLANG_ANALYZER_NUMBER_OBJECT_CONVERSION = YES_AGGRESSIVE;
				CLANG_CXX_LANGUAGE_STANDARD = "gnu++20";
				CLANG_ENABLE_MODULES = YES;
				CLANG_ENABLE_OBJC_ARC = YES;
				CLANG_ENABLE_OBJC_WEAK = YES;
				CLANG_WARN_BLOCK_CAPTURE_AUTORELEASING = YES;
				CLANG_WARN_BOOL_CONVERSION = YES;
				CLANG_WARN_COMMA = YES;
				CLANG_WARN_CONSTANT_CONVERSION = YES;
				CLANG_WARN_DEPRECATED_OBJC_IMPLEMENTATIONS = YES;
				CLANG_WARN_DIRECT_OBJC_ISA_USAGE = YES_ERROR;
				CLANG_WARN_DOCUMENTATION_COMMENTS = YES;
				CLANG_WARN_EMPTY_BODY = YES;
				CLANG_WARN_ENUM_CONVERSION = YES;
				CLANG_WARN_INFINITE_RECURSION = YES;
				CLANG_WARN_INT_CONVERSION = YES;
				CLANG_WARN_NON_LITERAL_NULL_CONVERSION = YES;
				CLANG_WARN_OBJC_IMPLICIT_RETAIN_SELF = YES;
				CLANG_WARN_OBJC_LITERAL_CONVERSION = YES;
				CLANG_WARN_OBJC_ROOT_CLASS = YES_ERROR;
				CLANG_WARN_QUOTED_INCLUDE_IN_FRAMEWORK_HEADER = YES;
				CLANG_WARN_RANGE_LOOP_ANALYSIS = YES;
				CLANG_WARN_STRICT_PROTOTYPES = YES;
				CLANG_WARN_SUSPICIOUS_MOVE = YES;
				CLANG_WARN_UNGUARDED_AVAILABILITY = YES_AGGRESSIVE;
				CLANG_WARN_UNREACHABLE_CODE = YES;
				CLANG_WARN__DUPLICATE_METHOD_MATCH = YES;
				COPY_PHASE_STRIP = NO;
				DEBUG_INFORMATION_FORMAT = "dwarf-with-dsym";
				ENABLE_NS_ASSERTIONS = NO;
				ENABLE_STRICT_OBJC_MSGSEND = YES;
				ENABLE_USER_SCRIPT_SANDBOXING = YES;
				GCC_C_LANGUAGE_STANDARD = gnu17;
				GCC_NO_COMMON_BLOCKS = YES;
				GCC_WARN_64_TO_32_BIT_CONVERSION = YES;
				GCC_WARN_ABOUT_RETURN_TYPE = YES_ERROR;
				GCC_WARN_UNDECLARED_SELECTOR = YES;
				GCC_WARN_UNINITIALIZED_AUTOS = YES_AGGRESSIVE;
				GCC_WARN_UNUSED_FUNCTION = YES;
				GCC_WARN_UNUSED_VARIABLE = YES;
				IPHONEOS_DEPLOYMENT_TARGET = 26.0;
				LOCALIZATION_PREFERS_STRING_CATALOGS = YES;
				MTL_ENABLE_DEBUG_INFO = NO;
				MTL_FAST_MATH = YES;
				SDKROOT = iphoneos;
				SWIFT_COMPILATION_MODE = wholemodule;
				VALIDATE_PRODUCT = YES;
			};
			name = Release;
		};
		E95F53692EA4171A00D4178D /* Debug */ = {
			isa = XCBuildConfiguration;
			buildSettings = {
				ASSETCATALOG_COMPILER_APPICON_NAME = AppIcon;
				ASSETCATALOG_COMPILER_GLOBAL_ACCENT_COLOR_NAME = AccentColor;
				CODE_SIGN_STYLE = Automatic;
				CURRENT_PROJECT_VERSION = 1;
				ENABLE_PREVIEWS = YES;
				GENERATE_INFOPLIST_FILE = YES;
				INFOPLIST_KEY_UIApplicationSceneManifest_Generation = YES;
				INFOPLIST_KEY_UIApplicationSupportsIndirectInputEvents = YES;
				INFOPLIST_KEY_UILaunchScreen_Generation = YES;
				INFOPLIST_KEY_UISupportedInterfaceOrientations_iPad = "UIInterfaceOrientationPortrait UIInterfaceOrientationPortraitUpsideDown UIInterfaceOrientationLandscapeLeft UIInterfaceOrientationLandscapeRight";
				INFOPLIST_KEY_UISupportedInterfaceOrientations_iPhone = "UIInterfaceOrientationPortrait UIInterfaceOrientationLandscapeLeft UIInterfaceOrientationLandscapeRight";
				LD_RUNPATH_SEARCH_PATHS = (
					"$(inherited)",
					"@executable_path/Frameworks",
				);
				MARKETING_VERSION = 1.0;
				PRODUCT_BUNDLE_IDENTIFIER = br.com.comtemig.TCAExemploGustavoCosme;
				PRODUCT_NAME = "$(TARGET_NAME)";
				STRING_CATALOG_GENERATE_SYMBOLS = YES;
				SWIFT_APPROACHABLE_CONCURRENCY = YES;
				SWIFT_DEFAULT_ACTOR_ISOLATION = MainActor;
				SWIFT_EMIT_LOC_STRINGS = YES;
				SWIFT_UPCOMING_FEATURE_MEMBER_IMPORT_VISIBILITY = YES;
				SWIFT_VERSION = 5.0;
				TARGETED_DEVICE_FAMILY = "1,2";
			};
			name = Debug;
		};
		E95F536A2EA4171A00D4178D /* Release */ = {
			isa = XCBuildConfiguration;
			buildSettings = {
				ASSETCATALOG_COMPILER_APPICON_NAME = AppIcon;
				ASSETCATALOG_COMPILER_GLOBAL_ACCENT_COLOR_NAME = AccentColor;
				CODE_SIGN_STYLE = Automatic;
				CURRENT_PROJECT_VERSION = 1;
				ENABLE_PREVIEWS = YES;
				GENERATE_INFOPLIST_FILE = YES;
				INFOPLIST_KEY_UIApplicationSceneManifest_Generation = YES;
				INFOPLIST_KEY_UIApplicationSupportsIndirectInputEvents = YES;
				INFOPLIST_KEY_UILaunchScreen_Generation = YES;
				INFOPLIST_KEY_UISupportedInterfaceOrientations_iPad = "UIInterfaceOrientationPortrait UIInterfaceOrientationPortraitUpsideDown UIInterfaceOrientationLandscapeLeft UIInterfaceOrientationLandscapeRight";
				INFOPLIST_KEY_UISupportedInterfaceOrientations_iPhone = "UIInterfaceOrientationPortrait UIInterfaceOrientationLandscapeLeft UIInterfaceOrientationLandscapeRight";
				LD_RUNPATH_SEARCH_PATHS = (
					"$(inherited)",
					"@executable_path/Frameworks",
				);
				MARKETING_VERSION = 1.0;
				PRODUCT_BUNDLE_IDENTIFIER = br.com.comtemig.TCAExemploGustavoCosme;
				PRODUCT_NAME = "$(TARGET_NAME)";
				STRING_CATALOG_GENERATE_SYMBOLS = YES;
				SWIFT_APPROACHABLE_CONCURRENCY = YES;
				SWIFT_DEFAULT_ACTOR_ISOLATION = MainActor;
				SWIFT_EMIT_LOC_STRINGS = YES;
				SWIFT_UPCOMING_FEATURE_MEMBER_IMPORT_VISIBILITY = YES;
				SWIFT_VERSION = 5.0;
				TARGETED_DEVICE_FAMILY = "1,2";
			};
			name = Release;
		};
		E95F536C2EA4171A00D4178D /* Debug */ = {
			isa = XCBuildConfiguration;
			buildSettings = {
				BUNDLE_LOADER = "$(TEST_HOST)";
				CODE_SIGN_STYLE = Automatic;
				CURRENT_PROJECT_VERSION = 1;
				GENERATE_INFOPLIST_FILE = YES;
				IPHONEOS_DEPLOYMENT_TARGET = 26.0;
				MARKETING_VERSION = 1.0;
				PRODUCT_BUNDLE_IDENTIFIER = br.com.comtemig.TCAExemploGustavoCosmeTests;
				PRODUCT_NAME = "$(TARGET_NAME)";
				STRING_CATALOG_GENERATE_SYMBOLS = NO;
				SWIFT_APPROACHABLE_CONCURRENCY = YES;
				SWIFT_EMIT_LOC_STRINGS = NO;
				SWIFT_UPCOMING_FEATURE_MEMBER_IMPORT_VISIBILITY = YES;
				SWIFT_VERSION = 5.0;
				TARGETED_DEVICE_FAMILY = "1,2";
				TEST_HOST = "$(BUILT_PRODUCTS_DIR)/TCAExemploGustavoCosme.app/$(BUNDLE_EXECUTABLE_FOLDER_PATH)/TCAExemploGustavoCosme";
			};
			name = Debug;
		};
		E95F536D2EA4171A00D4178D /* Release */ = {
			isa = XCBuildConfiguration;
			buildSettings = {
				BUNDLE_LOADER = "$(TEST_HOST)";
				CODE_SIGN_STYLE = Automatic;
				CURRENT_PROJECT_VERSION = 1;
				GENERATE_INFOPLIST_FILE = YES;
				IPHONEOS_DEPLOYMENT_TARGET = 26.0;
				MARKETING_VERSION = 1.0;
				PRODUCT_BUNDLE_IDENTIFIER = br.com.comtemig.TCAExemploGustavoCosmeTests;
				PRODUCT_NAME = "$(TARGET_NAME)";
				STRING_CATALOG_GENERATE_SYMBOLS = NO;
				SWIFT_APPROACHABLE_CONCURRENCY = YES;
				SWIFT_EMIT_LOC_STRINGS = NO;
				SWIFT_UPCOMING_FEATURE_MEMBER_IMPORT_VISIBILITY = YES;
				SWIFT_VERSION = 5.0;
				TARGETED_DEVICE_FAMILY = "1,2";
				TEST_HOST = "$(BUILT_PRODUCTS_DIR)/TCAExemploGustavoCosme.app/$(BUNDLE_EXECUTABLE_FOLDER_PATH)/TCAExemploGustavoCosme";
			};
			name = Release;
		};
		E95F536F2EA4171A00D4178D /* Debug */ = {
			isa = XCBuildConfiguration;
			buildSettings = {
				CODE_SIGN_STYLE = Automatic;
				CURRENT_PROJECT_VERSION = 1;
				GENERATE_INFOPLIST_FILE = YES;
				MARKETING_VERSION = 1.0;
				PRODUCT_BUNDLE_IDENTIFIER = br.com.comtemig.TCAExemploGustavoCosmeUITests;
				PRODUCT_NAME = "$(TARGET_NAME)";
				STRING_CATALOG_GENERATE_SYMBOLS = NO;
				SWIFT_APPROACHABLE_CONCURRENCY = YES;
				SWIFT_EMIT_LOC_STRINGS = NO;
				SWIFT_UPCOMING_FEATURE_MEMBER_IMPORT_VISIBILITY = YES;
				SWIFT_VERSION = 5.0;
				TARGETED_DEVICE_FAMILY = "1,2";
				TEST_TARGET_NAME = TCAExemploGustavoCosme;
			};
			name = Debug;
		};
		E95F53702EA4171A00D4178D /* Release */ = {
			isa = XCBuildConfiguration;
			buildSettings = {
				CODE_SIGN_STYLE = Automatic;
				CURRENT_PROJECT_VERSION = 1;
				GENERATE_INFOPLIST_FILE = YES;
				MARKETING_VERSION = 1.0;
				PRODUCT_BUNDLE_IDENTIFIER = br.com.comtemig.TCAExemploGustavoCosmeUITests;
				PRODUCT_NAME = "$(TARGET_NAME)";
				STRING_CATALOG_GENERATE_SYMBOLS = NO;
				SWIFT_APPROACHABLE_CONCURRENCY = YES;
				SWIFT_EMIT_LOC_STRINGS = NO;
				SWIFT_UPCOMING_FEATURE_MEMBER_IMPORT_VISIBILITY = YES;
				SWIFT_VERSION = 5.0;
				TARGETED_DEVICE_FAMILY = "1,2";
				TEST_TARGET_NAME = TCAExemploGustavoCosme;
			};
			name = Release;
		};
/* End XCBuildConfiguration section */

/* Begin XCConfigurationList section */
		E95F53422EA4171800D4178D /* Build configuration list for PBXProject "TCAExemploGustavoCosme" */ = {
			isa = XCConfigurationList;
			buildConfigurations = (
				E95F53662EA4171A00D4178D /* Debug */,
				E95F53672EA4171A00D4178D /* Release */,
			);
			defaultConfigurationIsVisible = 0;
			defaultConfigurationName = Release;
		};
		E95F53682EA4171A00D4178D /* Build configuration list for PBXNativeTarget "TCAExemploGustavoCosme" */ = {
			isa = XCConfigurationList;
			buildConfigurations = (
				E95F53692EA4171A00D4178D /* Debug */,
				E95F536A2EA4171A00D4178D /* Release */,
			);
			defaultConfigurationIsVisible = 0;
			defaultConfigurationName = Release;
		};
		E95F536B2EA4171A00D4178D /* Build configuration list for PBXNativeTarget "TCAExemploGustavoCosmeTests" */ = {
			isa = XCConfigurationList;
			buildConfigurations = (
				E95F536C2EA4171A00D4178D /* Debug */,
				E95F536D2EA4171A00D4178D /* Release */,
			);
			defaultConfigurationIsVisible = 0;
			defaultConfigurationName = Release;
		};
		E95F536E2EA4171A00D4178D /* Build configuration list for PBXNativeTarget "TCAExemploGustavoCosmeUITests" */ = {
			isa = XCConfigurationList;
			buildConfigurations = (
				E95F536F2EA4171A00D4178D /* Debug */,
				E95F53702EA4171A00D4178D /* Release */,
			);
			defaultConfigurationIsVisible = 0;
			defaultConfigurationName = Release;
		};
/* End XCConfigurationList section */

/* Begin XCRemoteSwiftPackageReference section */
		E95F537D2EA41A2A00D4178D /* XCRemoteSwiftPackageReference "swift-composable-architecture" */ = {
			isa = XCRemoteSwiftPackageReference;
			repositoryURL = "https://github.com/pointfreeco/swift-composable-architecture";
			requirement = {
				kind = upToNextMajorVersion;
				minimumVersion = 1.23.0;
			};
		};
/* End XCRemoteSwiftPackageReference section */

/* Begin XCSwiftPackageProductDependency section */
		E95F537E2EA41A7300D4178D /* ComposableArchitecture */ = {
			isa = XCSwiftPackageProductDependency;
			package = E95F537D2EA41A2A00D4178D /* XCRemoteSwiftPackageReference "swift-composable-architecture" */;
			productName = ComposableArchitecture;
		};
/* End XCSwiftPackageProductDependency section */
	};
	rootObject = E95F533F2EA4171800D4178D /* Project object */;
}
